
Microsoft Visual Studio Solution File, Format Version 12.00
# Visual Studio Version 17
VisualStudioVersion = 17.9.34622.214
MinimumVisualStudioVersion = 10.0.40219.1
Project("{9A19103F-16F7-4668-BE54-9A1E7A4F7556}") = "SiteLitoral", "SiteLitoral\SiteLitoral.csproj", "{1C186F47-E40C-4D5A-97F2-89418676FBDC}"
EndProject
Global
	GlobalSection(SolutionConfigurationPlatforms) = preSolution
		Debug|Any CPU = Debug|Any CPU
		Release|Any CPU = Release|Any CPU
	EndGlobalSection
	GlobalSection(ProjectConfigurationPlatforms) = postSolution
		{1C186F47-E40C-4D5A-97F2-89418676FBDC}.Debug|Any CPU.ActiveCfg = Debug|Any CPU
		{1C186F47-E40C-4D5A-97F2-89418676FBDC}.Debug|Any CPU.Build.0 = Debug|Any CPU
		{1C186F47-E40C-4D5A-97F2-89418676FBDC}.Release|Any CPU.ActiveCfg = Release|Any CPU
		{1C186F47-E40C-4D5A-97F2-89418676FBDC}.Release|Any CPU.Build.0 = Release|Any CPU
	EndGlobalSection
	GlobalSection(SolutionProperties) = preSolution
		HideSolutionNode = FALSE
	EndGlobalSection
	GlobalSection(ExtensibilityGlobals) = postSolution
		SolutionGuid = {068E4E00-4213-4B72-B5AE-773D263B7AD5}
	EndGlobalSection
EndGlobal
